
Microsoft Visual Studio Solution File, Format Version 12.00
# Visual Studio 15
VisualStudioVersion = 15.0.28010.2003
MinimumVisualStudioVersion = 10.0.40219.1
Project("{9A19103F-16F7-4668-BE54-9A1E7A4F7556}") = "FactoryPatternImplementation", "FactoryPattern\FactoryPatternImplementation\FactoryPatternImplementation.csproj", "{028D57C3-446F-4E55-835F-553D7B63B664}"
EndProject
Project("{9A19103F-16F7-4668-BE54-9A1E7A4F7556}") = "FactoryPatternTests", "FactoryPattern\FactoryPatternTests\FactoryPatternTests.csproj", "{754EC007-7891-4293-9FEF-650A532A0B39}"
EndProject
Project("{2150E333-8FDC-42A3-9474-1A3956D46DE8}") = "FactoryPattern", "FactoryPattern", "{38AC6329-D432-4149-9C8A-CC1FE05C1F05}"
EndProject
Project("{2150E333-8FDC-42A3-9474-1A3956D46DE8}") = "SingletonPattern", "SingletonPattern", "{27D328B2-300D-4763-84CA-D9D9175D4BB9}"
EndProject
Project("{9A19103F-16F7-4668-BE54-9A1E7A4F7556}") = "SingletonPatternImplementation", "SingletonPattern\SingletonPatternImplementation\SingletonPatternImplementation.csproj", "{16A3704E-F953-408D-8028-070DF377DEA3}"
EndProject
Project("{FAE04EC0-301F-11D3-BF4B-00C04F79EFBC}") = "SingletonPatternTests", "SingletonPattern\SingletonPatternTests\SingletonPatternTests.csproj", "{580D601A-A8A4-45C3-93A0-A52A31000AF1}"
EndProject
Global
	GlobalSection(SolutionConfigurationPlatforms) = preSolution
		Debug|Any CPU = Debug|Any CPU
		Release|Any CPU = Release|Any CPU
	EndGlobalSection
	GlobalSection(ProjectConfigurationPlatforms) = postSolution
		{028D57C3-446F-4E55-835F-553D7B63B664}.Debug|Any CPU.ActiveCfg = Debug|Any CPU
		{028D57C3-446F-4E55-835F-553D7B63B664}.Debug|Any CPU.Build.0 = Debug|Any CPU
		{028D57C3-446F-4E55-835F-553D7B63B664}.Release|Any CPU.ActiveCfg = Release|Any CPU
		{028D57C3-446F-4E55-835F-553D7B63B664}.Release|Any CPU.Build.0 = Release|Any CPU
		{754EC007-7891-4293-9FEF-650A532A0B39}.Debug|Any CPU.ActiveCfg = Debug|Any CPU
		{754EC007-7891-4293-9FEF-650A532A0B39}.Debug|Any CPU.Build.0 = Debug|Any CPU
		{754EC007-7891-4293-9FEF-650A532A0B39}.Release|Any CPU.ActiveCfg = Release|Any CPU
		{754EC007-7891-4293-9FEF-650A532A0B39}.Release|Any CPU.Build.0 = Release|Any CPU
		{16A3704E-F953-408D-8028-070DF377DEA3}.Debug|Any CPU.ActiveCfg = Debug|Any CPU
		{16A3704E-F953-408D-8028-070DF377DEA3}.Debug|Any CPU.Build.0 = Debug|Any CPU
		{16A3704E-F953-408D-8028-070DF377DEA3}.Release|Any CPU.ActiveCfg = Release|Any CPU
		{16A3704E-F953-408D-8028-070DF377DEA3}.Release|Any CPU.Build.0 = Release|Any CPU
		{580D601A-A8A4-45C3-93A0-A52A31000AF1}.Debug|Any CPU.ActiveCfg = Debug|Any CPU
		{580D601A-A8A4-45C3-93A0-A52A31000AF1}.Debug|Any CPU.Build.0 = Debug|Any CPU
		{580D601A-A8A4-45C3-93A0-A52A31000AF1}.Release|Any CPU.ActiveCfg = Release|Any CPU
		{580D601A-A8A4-45C3-93A0-A52A31000AF1}.Release|Any CPU.Build.0 = Release|Any CPU
	EndGlobalSection
	GlobalSection(SolutionProperties) = preSolution
		HideSolutionNode = FALSE
	EndGlobalSection
	GlobalSection(NestedProjects) = preSolution
		{028D57C3-446F-4E55-835F-553D7B63B664} = {38AC6329-D432-4149-9C8A-CC1FE05C1F05}
		{754EC007-7891-4293-9FEF-650A532A0B39} = {38AC6329-D432-4149-9C8A-CC1FE05C1F05}
		{16A3704E-F953-408D-8028-070DF377DEA3} = {27D328B2-300D-4763-84CA-D9D9175D4BB9}
		{580D601A-A8A4-45C3-93A0-A52A31000AF1} = {27D328B2-300D-4763-84CA-D9D9175D4BB9}
	EndGlobalSection
	GlobalSection(ExtensibilityGlobals) = postSolution
		SolutionGuid = {BF7BAE18-D717-4DA5-A046-F6F2898FE2A8}
	EndGlobalSection
EndGlobal
