
Microsoft Visual Studio Solution File, Format Version 12.00
# Visual Studio 15
VisualStudioVersion = 15.0.28010.2003
MinimumVisualStudioVersion = 10.0.40219.1
Project("{9A19103F-16F7-4668-BE54-9A1E7A4F7556}") = "FactoryPatternImplementation", "CreationalPatterns\FactoryPattern\FactoryPatternImplementation\FactoryPatternImplementation.csproj", "{028D57C3-446F-4E55-835F-553D7B63B664}"
EndProject
Project("{9A19103F-16F7-4668-BE54-9A1E7A4F7556}") = "FactoryPatternTests", "CreationalPatterns\FactoryPattern\FactoryPatternTests\FactoryPatternTests.csproj", "{754EC007-7891-4293-9FEF-650A532A0B39}"
EndProject
Project("{2150E333-8FDC-42A3-9474-1A3956D46DE8}") = "FactoryPattern", "FactoryPattern", "{38AC6329-D432-4149-9C8A-CC1FE05C1F05}"
EndProject
Project("{2150E333-8FDC-42A3-9474-1A3956D46DE8}") = "SingletonPattern", "SingletonPattern", "{27D328B2-300D-4763-84CA-D9D9175D4BB9}"
EndProject
Project("{9A19103F-16F7-4668-BE54-9A1E7A4F7556}") = "SingletonPatternImplementation", "CreationalPatterns\SingletonPattern\SingletonPatternImplementation\SingletonPatternImplementation.csproj", "{16A3704E-F953-408D-8028-070DF377DEA3}"
EndProject
Project("{9A19103F-16F7-4668-BE54-9A1E7A4F7556}") = "SingletonPatternTests", "CreationalPatterns\SingletonPattern\SingletonPatternTests\SingletonPatternTests.csproj", "{580D601A-A8A4-45C3-93A0-A52A31000AF1}"
EndProject
Project("{2150E333-8FDC-42A3-9474-1A3956D46DE8}") = "AbstractFactoryPattern", "AbstractFactoryPattern", "{59363F87-6B28-4D3F-88D6-31DF3C49E37D}"
EndProject
Project("{9A19103F-16F7-4668-BE54-9A1E7A4F7556}") = "AbstractFactoryPatternImplementation", "CreationalPatterns\AbstractFactoryPattern\AbstractFactoryImplementation\AbstractFactoryPatternImplementation.csproj", "{800F329E-8BB7-49BF-9050-23D35A49BF6D}"
EndProject
Project("{9A19103F-16F7-4668-BE54-9A1E7A4F7556}") = "AbstractFactoryPatternTests", "CreationalPatterns\AbstractFactoryPattern\AbstractFactoryTests\AbstractFactoryPatternTests.csproj", "{DEED56C5-2DE0-4357-939E-4EDBBB219875}"
EndProject
Project("{2150E333-8FDC-42A3-9474-1A3956D46DE8}") = "PrototypePattern", "PrototypePattern", "{B3E343A4-4938-4AF4-AAE1-440D56441DF1}"
EndProject
Project("{9A19103F-16F7-4668-BE54-9A1E7A4F7556}") = "PrototypePatternImplementation", "CreationalPatterns\PrototypePattern\PrototypePatternImplementation\PrototypePatternImplementation.csproj", "{2E162C70-4E0A-49A2-8E7D-5A7C01E40161}"
EndProject
Project("{9A19103F-16F7-4668-BE54-9A1E7A4F7556}") = "PrototypePatternTests", "CreationalPatterns\PrototypePattern\PrototypePatternTests\PrototypePatternTests.csproj", "{CF781C2C-DA1E-4A72-AB60-05A61898760C}"
EndProject
Project("{2150E333-8FDC-42A3-9474-1A3956D46DE8}") = "ObjectPoolPattern", "ObjectPoolPattern", "{29DD7246-FA24-4620-B41A-385B9FA8EC72}"
EndProject
Project("{9A19103F-16F7-4668-BE54-9A1E7A4F7556}") = "ObjectPoolPatternTests", "CreationalPatterns\ObjectPoolPattern\ObjectPoolPatternTests\ObjectPoolPatternTests.csproj", "{D94C45DC-C7FB-420F-AC06-30121DFA9D39}"
EndProject
Project("{9A19103F-16F7-4668-BE54-9A1E7A4F7556}") = "ObjectPoolPatternImplementation", "CreationalPatterns\ObjectPoolPattern\ObjectPoolPatternImplementation\ObjectPoolPatternImplementation.csproj", "{35C73A5D-0590-47F1-9799-229D33B6F519}"
EndProject
Project("{2150E333-8FDC-42A3-9474-1A3956D46DE8}") = "CreationalPatterns", "CreationalPatterns", "{D75A6364-6F1D-4A50-9202-F73BA1DCB19C}"
EndProject
Project("{2150E333-8FDC-42A3-9474-1A3956D46DE8}") = "BehavioralPatterns", "BehavioralPatterns", "{82D9B853-3E1F-42CA-AECA-61CBA829EB72}"
EndProject
Project("{2150E333-8FDC-42A3-9474-1A3956D46DE8}") = "StructuralPatterns", "StructuralPatterns", "{06225D15-AF57-45B8-AA2D-2D5FD9B0A3F5}"
EndProject
Project("{2150E333-8FDC-42A3-9474-1A3956D46DE8}") = "BuilderPattern", "BuilderPattern", "{5F556BC3-E0BA-45D8-9AF1-6671FE382C7E}"
EndProject
Project("{9A19103F-16F7-4668-BE54-9A1E7A4F7556}") = "BuilderPatternImplementation", "CreationalPatterns\BuilderPattern\BuilderPatternImplementation\BuilderPatternImplementation.csproj", "{4424B74C-1C26-481E-96AF-4C7D8758D0E1}"
EndProject
Project("{9A19103F-16F7-4668-BE54-9A1E7A4F7556}") = "BuilderPatternTests", "CreationalPatterns\BuilderPattern\BuilderPatternTests\BuilderPatternTests.csproj", "{8DF708E9-DCBD-4086-B040-08C5792F788C}"
EndProject
Project("{2150E333-8FDC-42A3-9474-1A3956D46DE8}") = "PrivateClassDataPattern", "PrivateClassDataPattern", "{DA38B32F-059D-445B-A755-80D27AF1083E}"
EndProject
Project("{9A19103F-16F7-4668-BE54-9A1E7A4F7556}") = "PrivateClassDataPatternImplementation", "StructuralPatterns\PrivateClassDataPattern\PrivateClassDataPatternImplementation\PrivateClassDataPatternImplementation.csproj", "{47072E50-AA75-401D-AAEF-FB6330E63D5D}"
EndProject
Project("{9A19103F-16F7-4668-BE54-9A1E7A4F7556}") = "PrivateClassDataPatternTests", "StructuralPatterns\PrivateClassDataPattern\PrivateClassDataPatternTests\PrivateClassDataPatternTests.csproj", "{3C4C7F21-0E59-4D1A-87E2-D3EED0F0CCD1}"
EndProject
Project("{2150E333-8FDC-42A3-9474-1A3956D46DE8}") = "ProxyPattern", "ProxyPattern", "{C2A5B88A-B426-4CDC-95EA-FED61AA996B4}"
EndProject
Project("{FAE04EC0-301F-11D3-BF4B-00C04F79EFBC}") = "ProxyPatternImplementation", "StructuralPatterns\ProxyPattern\ProxyPatternImplementation\ProxyPatternImplementation.csproj", "{480C9AA2-276B-4413-A33F-009C258364A9}"
EndProject
Project("{FAE04EC0-301F-11D3-BF4B-00C04F79EFBC}") = "ProxyPatternTests", "StructuralPatterns\ProxyPattern\ProxyPatternTests\ProxyPatternTests.csproj", "{E78EC326-5FF7-479D-853F-E80EFFE3691C}"
EndProject
Global
	GlobalSection(SolutionConfigurationPlatforms) = preSolution
		Debug|Any CPU = Debug|Any CPU
		Release|Any CPU = Release|Any CPU
	EndGlobalSection
	GlobalSection(ProjectConfigurationPlatforms) = postSolution
		{028D57C3-446F-4E55-835F-553D7B63B664}.Debug|Any CPU.ActiveCfg = Debug|Any CPU
		{028D57C3-446F-4E55-835F-553D7B63B664}.Debug|Any CPU.Build.0 = Debug|Any CPU
		{028D57C3-446F-4E55-835F-553D7B63B664}.Release|Any CPU.ActiveCfg = Release|Any CPU
		{028D57C3-446F-4E55-835F-553D7B63B664}.Release|Any CPU.Build.0 = Release|Any CPU
		{754EC007-7891-4293-9FEF-650A532A0B39}.Debug|Any CPU.ActiveCfg = Debug|Any CPU
		{754EC007-7891-4293-9FEF-650A532A0B39}.Debug|Any CPU.Build.0 = Debug|Any CPU
		{754EC007-7891-4293-9FEF-650A532A0B39}.Release|Any CPU.ActiveCfg = Release|Any CPU
		{754EC007-7891-4293-9FEF-650A532A0B39}.Release|Any CPU.Build.0 = Release|Any CPU
		{16A3704E-F953-408D-8028-070DF377DEA3}.Debug|Any CPU.ActiveCfg = Debug|Any CPU
		{16A3704E-F953-408D-8028-070DF377DEA3}.Debug|Any CPU.Build.0 = Debug|Any CPU
		{16A3704E-F953-408D-8028-070DF377DEA3}.Release|Any CPU.ActiveCfg = Release|Any CPU
		{16A3704E-F953-408D-8028-070DF377DEA3}.Release|Any CPU.Build.0 = Release|Any CPU
		{580D601A-A8A4-45C3-93A0-A52A31000AF1}.Debug|Any CPU.ActiveCfg = Debug|Any CPU
		{580D601A-A8A4-45C3-93A0-A52A31000AF1}.Debug|Any CPU.Build.0 = Debug|Any CPU
		{580D601A-A8A4-45C3-93A0-A52A31000AF1}.Release|Any CPU.ActiveCfg = Release|Any CPU
		{580D601A-A8A4-45C3-93A0-A52A31000AF1}.Release|Any CPU.Build.0 = Release|Any CPU
		{800F329E-8BB7-49BF-9050-23D35A49BF6D}.Debug|Any CPU.ActiveCfg = Debug|Any CPU
		{800F329E-8BB7-49BF-9050-23D35A49BF6D}.Debug|Any CPU.Build.0 = Debug|Any CPU
		{800F329E-8BB7-49BF-9050-23D35A49BF6D}.Release|Any CPU.ActiveCfg = Release|Any CPU
		{800F329E-8BB7-49BF-9050-23D35A49BF6D}.Release|Any CPU.Build.0 = Release|Any CPU
		{DEED56C5-2DE0-4357-939E-4EDBBB219875}.Debug|Any CPU.ActiveCfg = Debug|Any CPU
		{DEED56C5-2DE0-4357-939E-4EDBBB219875}.Debug|Any CPU.Build.0 = Debug|Any CPU
		{DEED56C5-2DE0-4357-939E-4EDBBB219875}.Release|Any CPU.ActiveCfg = Release|Any CPU
		{DEED56C5-2DE0-4357-939E-4EDBBB219875}.Release|Any CPU.Build.0 = Release|Any CPU
		{2E162C70-4E0A-49A2-8E7D-5A7C01E40161}.Debug|Any CPU.ActiveCfg = Debug|Any CPU
		{2E162C70-4E0A-49A2-8E7D-5A7C01E40161}.Debug|Any CPU.Build.0 = Debug|Any CPU
		{2E162C70-4E0A-49A2-8E7D-5A7C01E40161}.Release|Any CPU.ActiveCfg = Release|Any CPU
		{2E162C70-4E0A-49A2-8E7D-5A7C01E40161}.Release|Any CPU.Build.0 = Release|Any CPU
		{CF781C2C-DA1E-4A72-AB60-05A61898760C}.Debug|Any CPU.ActiveCfg = Debug|Any CPU
		{CF781C2C-DA1E-4A72-AB60-05A61898760C}.Debug|Any CPU.Build.0 = Debug|Any CPU
		{CF781C2C-DA1E-4A72-AB60-05A61898760C}.Release|Any CPU.ActiveCfg = Release|Any CPU
		{CF781C2C-DA1E-4A72-AB60-05A61898760C}.Release|Any CPU.Build.0 = Release|Any CPU
		{D94C45DC-C7FB-420F-AC06-30121DFA9D39}.Debug|Any CPU.ActiveCfg = Debug|Any CPU
		{D94C45DC-C7FB-420F-AC06-30121DFA9D39}.Debug|Any CPU.Build.0 = Debug|Any CPU
		{D94C45DC-C7FB-420F-AC06-30121DFA9D39}.Release|Any CPU.ActiveCfg = Release|Any CPU
		{D94C45DC-C7FB-420F-AC06-30121DFA9D39}.Release|Any CPU.Build.0 = Release|Any CPU
		{35C73A5D-0590-47F1-9799-229D33B6F519}.Debug|Any CPU.ActiveCfg = Debug|Any CPU
		{35C73A5D-0590-47F1-9799-229D33B6F519}.Debug|Any CPU.Build.0 = Debug|Any CPU
		{35C73A5D-0590-47F1-9799-229D33B6F519}.Release|Any CPU.ActiveCfg = Release|Any CPU
		{35C73A5D-0590-47F1-9799-229D33B6F519}.Release|Any CPU.Build.0 = Release|Any CPU
		{4424B74C-1C26-481E-96AF-4C7D8758D0E1}.Debug|Any CPU.ActiveCfg = Debug|Any CPU
		{4424B74C-1C26-481E-96AF-4C7D8758D0E1}.Debug|Any CPU.Build.0 = Debug|Any CPU
		{4424B74C-1C26-481E-96AF-4C7D8758D0E1}.Release|Any CPU.ActiveCfg = Release|Any CPU
		{4424B74C-1C26-481E-96AF-4C7D8758D0E1}.Release|Any CPU.Build.0 = Release|Any CPU
		{8DF708E9-DCBD-4086-B040-08C5792F788C}.Debug|Any CPU.ActiveCfg = Debug|Any CPU
		{8DF708E9-DCBD-4086-B040-08C5792F788C}.Debug|Any CPU.Build.0 = Debug|Any CPU
		{8DF708E9-DCBD-4086-B040-08C5792F788C}.Release|Any CPU.ActiveCfg = Release|Any CPU
		{8DF708E9-DCBD-4086-B040-08C5792F788C}.Release|Any CPU.Build.0 = Release|Any CPU
		{47072E50-AA75-401D-AAEF-FB6330E63D5D}.Debug|Any CPU.ActiveCfg = Debug|Any CPU
		{47072E50-AA75-401D-AAEF-FB6330E63D5D}.Debug|Any CPU.Build.0 = Debug|Any CPU
		{47072E50-AA75-401D-AAEF-FB6330E63D5D}.Release|Any CPU.ActiveCfg = Release|Any CPU
		{47072E50-AA75-401D-AAEF-FB6330E63D5D}.Release|Any CPU.Build.0 = Release|Any CPU
		{3C4C7F21-0E59-4D1A-87E2-D3EED0F0CCD1}.Debug|Any CPU.ActiveCfg = Debug|Any CPU
		{3C4C7F21-0E59-4D1A-87E2-D3EED0F0CCD1}.Debug|Any CPU.Build.0 = Debug|Any CPU
		{3C4C7F21-0E59-4D1A-87E2-D3EED0F0CCD1}.Release|Any CPU.ActiveCfg = Release|Any CPU
		{3C4C7F21-0E59-4D1A-87E2-D3EED0F0CCD1}.Release|Any CPU.Build.0 = Release|Any CPU
		{480C9AA2-276B-4413-A33F-009C258364A9}.Debug|Any CPU.ActiveCfg = Debug|Any CPU
		{480C9AA2-276B-4413-A33F-009C258364A9}.Debug|Any CPU.Build.0 = Debug|Any CPU
		{480C9AA2-276B-4413-A33F-009C258364A9}.Release|Any CPU.ActiveCfg = Release|Any CPU
		{480C9AA2-276B-4413-A33F-009C258364A9}.Release|Any CPU.Build.0 = Release|Any CPU
		{E78EC326-5FF7-479D-853F-E80EFFE3691C}.Debug|Any CPU.ActiveCfg = Debug|Any CPU
		{E78EC326-5FF7-479D-853F-E80EFFE3691C}.Debug|Any CPU.Build.0 = Debug|Any CPU
		{E78EC326-5FF7-479D-853F-E80EFFE3691C}.Release|Any CPU.ActiveCfg = Release|Any CPU
		{E78EC326-5FF7-479D-853F-E80EFFE3691C}.Release|Any CPU.Build.0 = Release|Any CPU
	EndGlobalSection
	GlobalSection(SolutionProperties) = preSolution
		HideSolutionNode = FALSE
	EndGlobalSection
	GlobalSection(NestedProjects) = preSolution
		{028D57C3-446F-4E55-835F-553D7B63B664} = {38AC6329-D432-4149-9C8A-CC1FE05C1F05}
		{754EC007-7891-4293-9FEF-650A532A0B39} = {38AC6329-D432-4149-9C8A-CC1FE05C1F05}
		{38AC6329-D432-4149-9C8A-CC1FE05C1F05} = {D75A6364-6F1D-4A50-9202-F73BA1DCB19C}
		{27D328B2-300D-4763-84CA-D9D9175D4BB9} = {D75A6364-6F1D-4A50-9202-F73BA1DCB19C}
		{16A3704E-F953-408D-8028-070DF377DEA3} = {27D328B2-300D-4763-84CA-D9D9175D4BB9}
		{580D601A-A8A4-45C3-93A0-A52A31000AF1} = {27D328B2-300D-4763-84CA-D9D9175D4BB9}
		{59363F87-6B28-4D3F-88D6-31DF3C49E37D} = {D75A6364-6F1D-4A50-9202-F73BA1DCB19C}
		{800F329E-8BB7-49BF-9050-23D35A49BF6D} = {59363F87-6B28-4D3F-88D6-31DF3C49E37D}
		{DEED56C5-2DE0-4357-939E-4EDBBB219875} = {59363F87-6B28-4D3F-88D6-31DF3C49E37D}
		{B3E343A4-4938-4AF4-AAE1-440D56441DF1} = {D75A6364-6F1D-4A50-9202-F73BA1DCB19C}
		{2E162C70-4E0A-49A2-8E7D-5A7C01E40161} = {B3E343A4-4938-4AF4-AAE1-440D56441DF1}
		{CF781C2C-DA1E-4A72-AB60-05A61898760C} = {B3E343A4-4938-4AF4-AAE1-440D56441DF1}
		{29DD7246-FA24-4620-B41A-385B9FA8EC72} = {D75A6364-6F1D-4A50-9202-F73BA1DCB19C}
		{D94C45DC-C7FB-420F-AC06-30121DFA9D39} = {29DD7246-FA24-4620-B41A-385B9FA8EC72}
		{35C73A5D-0590-47F1-9799-229D33B6F519} = {29DD7246-FA24-4620-B41A-385B9FA8EC72}
		{5F556BC3-E0BA-45D8-9AF1-6671FE382C7E} = {D75A6364-6F1D-4A50-9202-F73BA1DCB19C}
		{4424B74C-1C26-481E-96AF-4C7D8758D0E1} = {5F556BC3-E0BA-45D8-9AF1-6671FE382C7E}
		{8DF708E9-DCBD-4086-B040-08C5792F788C} = {5F556BC3-E0BA-45D8-9AF1-6671FE382C7E}
		{DA38B32F-059D-445B-A755-80D27AF1083E} = {06225D15-AF57-45B8-AA2D-2D5FD9B0A3F5}
		{47072E50-AA75-401D-AAEF-FB6330E63D5D} = {DA38B32F-059D-445B-A755-80D27AF1083E}
		{3C4C7F21-0E59-4D1A-87E2-D3EED0F0CCD1} = {DA38B32F-059D-445B-A755-80D27AF1083E}
		{C2A5B88A-B426-4CDC-95EA-FED61AA996B4} = {06225D15-AF57-45B8-AA2D-2D5FD9B0A3F5}
		{480C9AA2-276B-4413-A33F-009C258364A9} = {C2A5B88A-B426-4CDC-95EA-FED61AA996B4}
		{E78EC326-5FF7-479D-853F-E80EFFE3691C} = {C2A5B88A-B426-4CDC-95EA-FED61AA996B4}
	EndGlobalSection
	GlobalSection(ExtensibilityGlobals) = postSolution
		SolutionGuid = {BF7BAE18-D717-4DA5-A046-F6F2898FE2A8}
	EndGlobalSection
EndGlobal
